
Microsoft Visual Studio Solution File, Format Version 12.00
# Visual Studio 2012
Project("{FAE04EC0-301F-11D3-BF4B-00C04F79EFBC}") = "Projeto_LP2e", "Projeto_LP2e\Projeto_LP2e.csproj", "{E98ABFE2-8936-40C2-A6CF-78630D0C4A28}"
EndProject
Global
	GlobalSection(SolutionConfigurationPlatforms) = preSolution
		Debug|Any CPU = Debug|Any CPU
		Release|Any CPU = Release|Any CPU
	EndGlobalSection
	GlobalSection(ProjectConfigurationPlatforms) = postSolution
		{E98ABFE2-8936-40C2-A6CF-78630D0C4A28}.Debug|Any CPU.ActiveCfg = Debug|Any CPU
		{E98ABFE2-8936-40C2-A6CF-78630D0C4A28}.Debug|Any CPU.Build.0 = Debug|Any CPU
		{E98ABFE2-8936-40C2-A6CF-78630D0C4A28}.Release|Any CPU.ActiveCfg = Release|Any CPU
		{E98ABFE2-8936-40C2-A6CF-78630D0C4A28}.Release|Any CPU.Build.0 = Release|Any CPU
	EndGlobalSection
EndGlobal
